
Microsoft Visual Studio Solution File, Format Version 12.00
# Visual Studio Version 16
VisualStudioVersion = 16.0.31112.23
MinimumVisualStudioVersion = 10.0.40219.1
Project("{FAE04EC0-301F-11D3-BF4B-00C04F79EFBC}") = "EMS", "EMS\EMS.csproj", "{1AD74A15-7CFC-4FFE-8F2A-A1D1150D3329}"
EndProject
Global
	GlobalSection(SolutionConfigurationPlatforms) = preSolution
		Debug|Any CPU = Debug|Any CPU
		Release|Any CPU = Release|Any CPU
	EndGlobalSection
	GlobalSection(ProjectConfigurationPlatforms) = postSolution
		{1AD74A15-7CFC-4FFE-8F2A-A1D1150D3329}.Debug|Any CPU.ActiveCfg = Debug|Any CPU
		{1AD74A15-7CFC-4FFE-8F2A-A1D1150D3329}.Debug|Any CPU.Build.0 = Debug|Any CPU
		{1AD74A15-7CFC-4FFE-8F2A-A1D1150D3329}.Release|Any CPU.ActiveCfg = Release|Any CPU
		{1AD74A15-7CFC-4FFE-8F2A-A1D1150D3329}.Release|Any CPU.Build.0 = Release|Any CPU
	EndGlobalSection
	GlobalSection(SolutionProperties) = preSolution
		HideSolutionNode = FALSE
	EndGlobalSection
	GlobalSection(ExtensibilityGlobals) = postSolution
		SolutionGuid = {CE72B0DE-9600-4E1B-BF6C-92A443192215}
	EndGlobalSection
EndGlobal
